{
  "name": "IFRC Network Databank",
  "lockfileVersion": 3,
  "requires": true,
  "packages": {
    "": {
      "devDependencies": {
        "@playwright/mcp": "^0.0.48"
      }
    },
    "node_modules/@playwright/mcp": {
      "version": "0.0.48",
      "resolved": "https://registry.npmjs.org/@playwright/mcp/-/mcp-0.0.48.tgz",
      "integrity": "sha512-c4uJ/9NhTpB0+kh2OFx3MZfLlg05GbDVJcV1/hxAy4/7yuHTA/FcZ2XY8SkV98RMq18Rwt0cqoqPiRrzG2bbxQ==",
      "dev": true,
      "license": "Apache-2.0",
      "dependencies": {
        "playwright": "1.58.0-alpha-1763757971000",
        "playwright-core": "1.58.0-alpha-1763757971000"
      },
      "bin": {
        "mcp-server-playwright": "cli.js"
      },
      "engines": {
        "node": ">=18"
      }
    },
    "node_modules/fsevents": {
      "version": "2.3.2",
      "resolved": "https://registry.npmjs.org/fsevents/-/fsevents-2.3.2.tgz",
      "integrity": "sha512-xiqMQR4xAeHTuB9uWm+fFRcIOgKBMiOBP+eXiyT7jsgVCq1bkVygt00oASowB7EdtpOHaaPgKt812P9ab+DDKA==",
      "dev": true,
      "hasInstallScript": true,
      "license": "MIT",
      "optional": true,
      "os": [
        "darwin"
      ],
      "engines": {
        "node": "^8.16.0 || ^10.6.0 || >=11.0.0"
      }
    },
    "node_modules/playwright": {
      "version": "1.58.0-alpha-1763757971000",
      "resolved": "https://registry.npmjs.org/playwright/-/playwright-1.58.0-alpha-1763757971000.tgz",
      "integrity": "sha512-Ck2UJWEaHULTN2hSjdcCpYF3wd5R8gde3IGRhms8Fb9YpqKHRiAzQqnlmouPlSh5pF+Mg9aZTtrtjq3NeIiXkQ==",
      "dev": true,
      "license": "Apache-2.0",
      "dependencies": {
        "playwright-core": "1.58.0-alpha-1763757971000"
      },
      "bin": {
        "playwright": "cli.js"
      },
      "engines": {
        "node": ">=18"
      },
      "optionalDependencies": {
        "fsevents": "2.3.2"
      }
    },
    "node_modules/playwright-core": {
      "version": "1.58.0-alpha-1763757971000",
      "resolved": "https://registry.npmjs.org/playwright-core/-/playwright-core-1.58.0-alpha-1763757971000.tgz",
      "integrity": "sha512-4nN53aSvtlz05uFtHn4+PABtZba8Z+jJKLRbPF0+mmoLfD2n9hAGZbvvrVy+iKmoUEvsHbKOBZCJ2NlKjIzZ9w==",
      "dev": true,
      "license": "Apache-2.0",
      "bin": {
        "playwright-core": "cli.js"
      },
      "engines": {
        "node": ">=18"
      }
    }
  }
}
